
Microsoft Visual Studio Solution File, Format Version 12.00
# Visual Studio Version 17
VisualStudioVersion = 17.4.33213.308
MinimumVisualStudioVersion = 10.0.40219.1
Project("{FAE04EC0-301F-11D3-BF4B-00C04F79EFBC}") = "Convert a Boolean to a String", "Convert a Boolean to a String.csproj", "{03201BD5-52AA-4427-A5B1-D1E382E2888A}"
EndProject
Global
	GlobalSection(SolutionConfigurationPlatforms) = preSolution
		Debug|Any CPU = Debug|Any CPU
		Release|Any CPU = Release|Any CPU
	EndGlobalSection
	GlobalSection(ProjectConfigurationPlatforms) = postSolution
		{03201BD5-52AA-4427-A5B1-D1E382E2888A}.Debug|Any CPU.ActiveCfg = Debug|Any CPU
		{03201BD5-52AA-4427-A5B1-D1E382E2888A}.Debug|Any CPU.Build.0 = Debug|Any CPU
		{03201BD5-52AA-4427-A5B1-D1E382E2888A}.Release|Any CPU.ActiveCfg = Release|Any CPU
		{03201BD5-52AA-4427-A5B1-D1E382E2888A}.Release|Any CPU.Build.0 = Release|Any CPU
	EndGlobalSection
	GlobalSection(SolutionProperties) = preSolution
		HideSolutionNode = FALSE
	EndGlobalSection
	GlobalSection(ExtensibilityGlobals) = postSolution
		SolutionGuid = {264A7601-9F6F-463D-8F03-5C68B02ED11D}
	EndGlobalSection
EndGlobal
