
Microsoft Visual Studio Solution File, Format Version 12.00
# Visual Studio Version 17
VisualStudioVersion = 17.4.33213.308
MinimumVisualStudioVersion = 10.0.40219.1
Project("{FAE04EC0-301F-11D3-BF4B-00C04F79EFBC}") = "Sum of positive", "Sum of positive.csproj", "{484926C6-F74A-464F-B751-F08EA216F1E5}"
EndProject
Global
	GlobalSection(SolutionConfigurationPlatforms) = preSolution
		Debug|Any CPU = Debug|Any CPU
		Release|Any CPU = Release|Any CPU
	EndGlobalSection
	GlobalSection(ProjectConfigurationPlatforms) = postSolution
		{484926C6-F74A-464F-B751-F08EA216F1E5}.Debug|Any CPU.ActiveCfg = Debug|Any CPU
		{484926C6-F74A-464F-B751-F08EA216F1E5}.Debug|Any CPU.Build.0 = Debug|Any CPU
		{484926C6-F74A-464F-B751-F08EA216F1E5}.Release|Any CPU.ActiveCfg = Release|Any CPU
		{484926C6-F74A-464F-B751-F08EA216F1E5}.Release|Any CPU.Build.0 = Release|Any CPU
	EndGlobalSection
	GlobalSection(SolutionProperties) = preSolution
		HideSolutionNode = FALSE
	EndGlobalSection
	GlobalSection(ExtensibilityGlobals) = postSolution
		SolutionGuid = {E788BDF4-92B1-4B2C-8008-0F97073A59F2}
	EndGlobalSection
EndGlobal
