
Microsoft Visual Studio Solution File, Format Version 12.00
# Visual Studio Version 17
VisualStudioVersion = 17.4.33213.308
MinimumVisualStudioVersion = 10.0.40219.1
Project("{FAE04EC0-301F-11D3-BF4B-00C04F79EFBC}") = "Return to Sanity", "Return to Sanity.csproj", "{C62CCA53-C56D-481A-9F95-910C763EF2F5}"
EndProject
Global
	GlobalSection(SolutionConfigurationPlatforms) = preSolution
		Debug|Any CPU = Debug|Any CPU
		Release|Any CPU = Release|Any CPU
	EndGlobalSection
	GlobalSection(ProjectConfigurationPlatforms) = postSolution
		{C62CCA53-C56D-481A-9F95-910C763EF2F5}.Debug|Any CPU.ActiveCfg = Debug|Any CPU
		{C62CCA53-C56D-481A-9F95-910C763EF2F5}.Debug|Any CPU.Build.0 = Debug|Any CPU
		{C62CCA53-C56D-481A-9F95-910C763EF2F5}.Release|Any CPU.ActiveCfg = Release|Any CPU
		{C62CCA53-C56D-481A-9F95-910C763EF2F5}.Release|Any CPU.Build.0 = Release|Any CPU
	EndGlobalSection
	GlobalSection(SolutionProperties) = preSolution
		HideSolutionNode = FALSE
	EndGlobalSection
	GlobalSection(ExtensibilityGlobals) = postSolution
		SolutionGuid = {0F40A841-F3D0-47E7-B60D-E69F8D8D1CBA}
	EndGlobalSection
EndGlobal
